// !$*UTF8*$!
{
	archiveVersion = 1;
	classes = {
	};
	objectVersion = 51;
	objects = {

/* Begin PBXBuildFile section */
		174043954CE735E296A4529F /* Pods_PoetTree_App.framework in Frameworks */ = {isa = PBXBuildFile; fileRef = 73209770699D6DBDBB241530 /* Pods_PoetTree_App.framework */; };
		DB0A75E4265370FF0046213E /* UserWritingCommentViewController.swift in Sources */ = {isa = PBXBuildFile; fileRef = DB0A75E3265370FF0046213E /* UserWritingCommentViewController.swift */; };
		DB12433526541A2400CB7DEC /* YesterdayPhotoMainViewController.swift in Sources */ = {isa = PBXBuildFile; fileRef = DB12433426541A2400CB7DEC /* YesterdayPhotoMainViewController.swift */; };
		DB12433726541B3C00CB7DEC /* ImageGet.swift in Sources */ = {isa = PBXBuildFile; fileRef = DB12433626541B3C00CB7DEC /* ImageGet.swift */; };
		DB24B4CF265557C300C989BF /* YesterdayPhotoCommentViewController.swift in Sources */ = {isa = PBXBuildFile; fileRef = DB24B4CE265557C300C989BF /* YesterdayPhotoCommentViewController.swift */; };
		DB2ECF8B2653F27C0026795D /* UserLikedDetailWritingViewController.swift in Sources */ = {isa = PBXBuildFile; fileRef = DB2ECF8A2653F27C0026795D /* UserLikedDetailWritingViewController.swift */; };
		DB2ECF8D2653FD790026795D /* UserLikedWritingCommentViewController.swift in Sources */ = {isa = PBXBuildFile; fileRef = DB2ECF8C2653FD790026795D /* UserLikedWritingCommentViewController.swift */; };
		DB3F71DB262C5D5700C429BA /* YesterdaysWriting.swift in Sources */ = {isa = PBXBuildFile; fileRef = DB3F71DA262C5D5700C429BA /* YesterdaysWriting.swift */; };
		DB459EE52654F77E00C470C5 /* YesterdayPhotoSelectedWritingViewController.swift in Sources */ = {isa = PBXBuildFile; fileRef = DB459EE42654F77E00C470C5 /* YesterdayPhotoSelectedWritingViewController.swift */; };
		DB459EE726550C5F00C470C5 /* YesterdayPhotoCorrectionViewController.swift in Sources */ = {isa = PBXBuildFile; fileRef = DB459EE626550C5F00C470C5 /* YesterdayPhotoCorrectionViewController.swift */; };
		DB459EE9265513E800C470C5 /* User.swift in Sources */ = {isa = PBXBuildFile; fileRef = DB459EE8265513E800C470C5 /* User.swift */; };
		DB4F93162614911C0029D640 /* AppDelegate.swift in Sources */ = {isa = PBXBuildFile; fileRef = DB4F93152614911C0029D640 /* AppDelegate.swift */; };
		DB4F93182614911C0029D640 /* SceneDelegate.swift in Sources */ = {isa = PBXBuildFile; fileRef = DB4F93172614911C0029D640 /* SceneDelegate.swift */; };
		DB4F931D2614911C0029D640 /* Main.storyboard in Resources */ = {isa = PBXBuildFile; fileRef = DB4F931B2614911C0029D640 /* Main.storyboard */; };
		DB4F931F2614911D0029D640 /* Assets.xcassets in Resources */ = {isa = PBXBuildFile; fileRef = DB4F931E2614911D0029D640 /* Assets.xcassets */; };
		DB4F93222614911D0029D640 /* LaunchScreen.storyboard in Resources */ = {isa = PBXBuildFile; fileRef = DB4F93202614911D0029D640 /* LaunchScreen.storyboard */; };
		DB4F932F261491D30029D640 /* WritingPost.swift in Sources */ = {isa = PBXBuildFile; fileRef = DB4F932E261491D30029D640 /* WritingPost.swift */; };
		DB4F9334261496A80029D640 /* MainViewController.swift in Sources */ = {isa = PBXBuildFile; fileRef = DB4F9333261496A80029D640 /* MainViewController.swift */; };
		DB4F93402614B4D00029D640 /* Satisfy-Regular.ttf in Resources */ = {isa = PBXBuildFile; fileRef = DB4F933F2614B4D00029D640 /* Satisfy-Regular.ttf */; };
		DB4F93432614BDED0029D640 /* WritingViewController.swift in Sources */ = {isa = PBXBuildFile; fileRef = DB4F93422614BDED0029D640 /* WritingViewController.swift */; };
		DB4F93472614C0E80029D640 /* Constants.swift in Sources */ = {isa = PBXBuildFile; fileRef = DB4F93462614C0E80029D640 /* Constants.swift */; };
		DB4F934B2614CD880029D640 /* UserWritingViewController.swift in Sources */ = {isa = PBXBuildFile; fileRef = DB4F934A2614CD880029D640 /* UserWritingViewController.swift */; };
		DB4F934E2614D3840029D640 /* UserPoemCell.swift in Sources */ = {isa = PBXBuildFile; fileRef = DB4F934D2614D3840029D640 /* UserPoemCell.swift */; };
		DB4F93512614D4520029D640 /* YesterDayMainViewController.swift in Sources */ = {isa = PBXBuildFile; fileRef = DB4F93502614D4520029D640 /* YesterDayMainViewController.swift */; };
		DB789833261777790065D964 /* GoogleLogInViewController.swift in Sources */ = {isa = PBXBuildFile; fileRef = DB789832261777790065D964 /* GoogleLogInViewController.swift */; };
		DB7D1D442618BBCC0092820D /* UserModel.swift in Sources */ = {isa = PBXBuildFile; fileRef = DB7D1D432618BBCC0092820D /* UserModel.swift */; };
		DB7D1D482618E43C0092820D /* Interceptor.swift in Sources */ = {isa = PBXBuildFile; fileRef = DB7D1D472618E43C0092820D /* Interceptor.swift */; };
		DB7DDA5E26515D4C003A8650 /* UserWritingContainerViewController.swift in Sources */ = {isa = PBXBuildFile; fileRef = DB7DDA5D26515D4C003A8650 /* UserWritingContainerViewController.swift */; };
		DB7DDA6026515D68003A8650 /* UserLikedWritingsViewController.swift in Sources */ = {isa = PBXBuildFile; fileRef = DB7DDA5F26515D68003A8650 /* UserLikedWritingsViewController.swift */; };
		DB8046D02654AE2900256811 /* YesterdayContainerViewController.swift in Sources */ = {isa = PBXBuildFile; fileRef = DB8046CF2654AE2900256811 /* YesterdayContainerViewController.swift */; };
		DB8046D22654B27600256811 /* YesterdayPhotoWritingListViewController.swift in Sources */ = {isa = PBXBuildFile; fileRef = DB8046D12654B27600256811 /* YesterdayPhotoWritingListViewController.swift */; };
		DB85D606264D6A19009FB8DF /* UserWriting.swift in Sources */ = {isa = PBXBuildFile; fileRef = DB85D605264D6A19009FB8DF /* UserWriting.swift */; };
		DB881C07261C307200085EB9 /* WritingGet.swift in Sources */ = {isa = PBXBuildFile; fileRef = DB881C06261C307200085EB9 /* WritingGet.swift */; };
		DB881C0B261C3E0300085EB9 /* PostsCell.swift in Sources */ = {isa = PBXBuildFile; fileRef = DB881C0A261C3E0300085EB9 /* PostsCell.swift */; };
		DB881C0E261C3FC100085EB9 /* WritingService.swift in Sources */ = {isa = PBXBuildFile; fileRef = DB881C0D261C3FC100085EB9 /* WritingService.swift */; };
		DB89DE6D26183283002FFC22 /* GoogleService-Info.plist in Resources */ = {isa = PBXBuildFile; fileRef = DB89DE6C26183283002FFC22 /* GoogleService-Info.plist */; };
		DBA774A3263E6F4300D16EED /* YesterDayCorrectionViewController.swift in Sources */ = {isa = PBXBuildFile; fileRef = DBA774A2263E6F4300D16EED /* YesterDayCorrectionViewController.swift */; };
		DBB07128264BA4EB00E57837 /* CommentViewController.swift in Sources */ = {isa = PBXBuildFile; fileRef = DBB07127264BA4EB00E57837 /* CommentViewController.swift */; };
		DBB6FC0F264AAEBA005E8BAF /* TodayPhoto.swift in Sources */ = {isa = PBXBuildFile; fileRef = DBB6FC0E264AAEBA005E8BAF /* TodayPhoto.swift */; };
		DBF6842C264BDA300049EFE4 /* WebService.swift in Sources */ = {isa = PBXBuildFile; fileRef = DBF6842B264BDA300049EFE4 /* WebService.swift */; };
		DBFFF90C26523F300089D1AE /* UserDetailWritingViewController.swift in Sources */ = {isa = PBXBuildFile; fileRef = DBFFF90B26523F300089D1AE /* UserDetailWritingViewController.swift */; };
		DBFFF910265273100089D1AE /* UserWritingCorrectionViewController.swift in Sources */ = {isa = PBXBuildFile; fileRef = DBFFF90F265273100089D1AE /* UserWritingCorrectionViewController.swift */; };
/* End PBXBuildFile section */

/* Begin PBXFileReference section */
		73209770699D6DBDBB241530 /* Pods_PoetTree_App.framework */ = {isa = PBXFileReference; explicitFileType = wrapper.framework; includeInIndex = 0; path = Pods_PoetTree_App.framework; sourceTree = BUILT_PRODUCTS_DIR; };
		981538C40A400E0A725E1113 /* Pods-PoetTree_App.release.xcconfig */ = {isa = PBXFileReference; includeInIndex = 1; lastKnownFileType = text.xcconfig; name = "Pods-PoetTree_App.release.xcconfig"; path = "Target Support Files/Pods-PoetTree_App/Pods-PoetTree_App.release.xcconfig"; sourceTree = "<group>"; };
		ABF4A84711A44CB2D6E95503 /* Pods-PoetTree_App.debug.xcconfig */ = {isa = PBXFileReference; includeInIndex = 1; lastKnownFileType = text.xcconfig; name = "Pods-PoetTree_App.debug.xcconfig"; path = "Target Support Files/Pods-PoetTree_App/Pods-PoetTree_App.debug.xcconfig"; sourceTree = "<group>"; };
		DB0A75E3265370FF0046213E /* UserWritingCommentViewController.swift */ = {isa = PBXFileReference; lastKnownFileType = sourcecode.swift; path = UserWritingCommentViewController.swift; sourceTree = "<group>"; };
		DB12433426541A2400CB7DEC /* YesterdayPhotoMainViewController.swift */ = {isa = PBXFileReference; lastKnownFileType = sourcecode.swift; path = YesterdayPhotoMainViewController.swift; sourceTree = "<group>"; };
		DB12433626541B3C00CB7DEC /* ImageGet.swift */ = {isa = PBXFileReference; lastKnownFileType = sourcecode.swift; path = ImageGet.swift; sourceTree = "<group>"; };
		DB24B4CE265557C300C989BF /* YesterdayPhotoCommentViewController.swift */ = {isa = PBXFileReference; lastKnownFileType = sourcecode.swift; path = YesterdayPhotoCommentViewController.swift; sourceTree = "<group>"; };
		DB2ECF8A2653F27C0026795D /* UserLikedDetailWritingViewController.swift */ = {isa = PBXFileReference; lastKnownFileType = sourcecode.swift; path = UserLikedDetailWritingViewController.swift; sourceTree = "<group>"; };
		DB2ECF8C2653FD790026795D /* UserLikedWritingCommentViewController.swift */ = {isa = PBXFileReference; lastKnownFileType = sourcecode.swift; path = UserLikedWritingCommentViewController.swift; sourceTree = "<group>"; };
		DB3F71DA262C5D5700C429BA /* YesterdaysWriting.swift */ = {isa = PBXFileReference; lastKnownFileType = sourcecode.swift; path = YesterdaysWriting.swift; sourceTree = "<group>"; };
		DB459EE42654F77E00C470C5 /* YesterdayPhotoSelectedWritingViewController.swift */ = {isa = PBXFileReference; lastKnownFileType = sourcecode.swift; path = YesterdayPhotoSelectedWritingViewController.swift; sourceTree = "<group>"; };
		DB459EE626550C5F00C470C5 /* YesterdayPhotoCorrectionViewController.swift */ = {isa = PBXFileReference; lastKnownFileType = sourcecode.swift; path = YesterdayPhotoCorrectionViewController.swift; sourceTree = "<group>"; };
		DB459EE8265513E800C470C5 /* User.swift */ = {isa = PBXFileReference; lastKnownFileType = sourcecode.swift; path = User.swift; sourceTree = "<group>"; };
		DB4F93122614911C0029D640 /* PoetTree_App.app */ = {isa = PBXFileReference; explicitFileType = wrapper.application; includeInIndex = 0; path = PoetTree_App.app; sourceTree = BUILT_PRODUCTS_DIR; };
		DB4F93152614911C0029D640 /* AppDelegate.swift */ = {isa = PBXFileReference; lastKnownFileType = sourcecode.swift; path = AppDelegate.swift; sourceTree = "<group>"; };
		DB4F93172614911C0029D640 /* SceneDelegate.swift */ = {isa = PBXFileReference; lastKnownFileType = sourcecode.swift; path = SceneDelegate.swift; sourceTree = "<group>"; };
		DB4F931C2614911C0029D640 /* Base */ = {isa = PBXFileReference; lastKnownFileType = file.storyboard; name = Base; path = Base.lproj/Main.storyboard; sourceTree = "<group>"; };
		DB4F931E2614911D0029D640 /* Assets.xcassets */ = {isa = PBXFileReference; lastKnownFileType = folder.assetcatalog; path = Assets.xcassets; sourceTree = "<group>"; };
		DB4F93212614911D0029D640 /* Base */ = {isa = PBXFileReference; lastKnownFileType = file.storyboard; name = Base; path = Base.lproj/LaunchScreen.storyboard; sourceTree = "<group>"; };
		DB4F93232614911D0029D640 /* Info.plist */ = {isa = PBXFileReference; lastKnownFileType = text.plist.xml; path = Info.plist; sourceTree = "<group>"; };
		DB4F932E261491D30029D640 /* WritingPost.swift */ = {isa = PBXFileReference; lastKnownFileType = sourcecode.swift; path = WritingPost.swift; sourceTree = "<group>"; };
		DB4F9333261496A80029D640 /* MainViewController.swift */ = {isa = PBXFileReference; lastKnownFileType = sourcecode.swift; path = MainViewController.swift; sourceTree = "<group>"; };
		DB4F933F2614B4D00029D640 /* Satisfy-Regular.ttf */ = {isa = PBXFileReference; lastKnownFileType = file; path = "Satisfy-Regular.ttf"; sourceTree = "<group>"; };
		DB4F93422614BDED0029D640 /* WritingViewController.swift */ = {isa = PBXFileReference; lastKnownFileType = sourcecode.swift; path = WritingViewController.swift; sourceTree = "<group>"; };
		DB4F93462614C0E80029D640 /* Constants.swift */ = {isa = PBXFileReference; lastKnownFileType = sourcecode.swift; path = Constants.swift; sourceTree = "<group>"; };
		DB4F934A2614CD880029D640 /* UserWritingViewController.swift */ = {isa = PBXFileReference; lastKnownFileType = sourcecode.swift; path = UserWritingViewController.swift; sourceTree = "<group>"; };
		DB4F934D2614D3840029D640 /* UserPoemCell.swift */ = {isa = PBXFileReference; lastKnownFileType = sourcecode.swift; path = UserPoemCell.swift; sourceTree = "<group>"; };
		DB4F93502614D4520029D640 /* YesterDayMainViewController.swift */ = {isa = PBXFileReference; lastKnownFileType = sourcecode.swift; path = YesterDayMainViewController.swift; sourceTree = "<group>"; };
		DB789832261777790065D964 /* GoogleLogInViewController.swift */ = {isa = PBXFileReference; lastKnownFileType = sourcecode.swift; path = GoogleLogInViewController.swift; sourceTree = "<group>"; };
		DB7D1D432618BBCC0092820D /* UserModel.swift */ = {isa = PBXFileReference; lastKnownFileType = sourcecode.swift; path = UserModel.swift; sourceTree = "<group>"; };
		DB7D1D472618E43C0092820D /* Interceptor.swift */ = {isa = PBXFileReference; lastKnownFileType = sourcecode.swift; path = Interceptor.swift; sourceTree = "<group>"; };
		DB7DDA5D26515D4C003A8650 /* UserWritingContainerViewController.swift */ = {isa = PBXFileReference; lastKnownFileType = sourcecode.swift; path = UserWritingContainerViewController.swift; sourceTree = "<group>"; };
		DB7DDA5F26515D68003A8650 /* UserLikedWritingsViewController.swift */ = {isa = PBXFileReference; lastKnownFileType = sourcecode.swift; path = UserLikedWritingsViewController.swift; sourceTree = "<group>"; };
		DB8046CF2654AE2900256811 /* YesterdayContainerViewController.swift */ = {isa = PBXFileReference; lastKnownFileType = sourcecode.swift; path = YesterdayContainerViewController.swift; sourceTree = "<group>"; };
		DB8046D12654B27600256811 /* YesterdayPhotoWritingListViewController.swift */ = {isa = PBXFileReference; lastKnownFileType = sourcecode.swift; path = YesterdayPhotoWritingListViewController.swift; sourceTree = "<group>"; };
		DB85D605264D6A19009FB8DF /* UserWriting.swift */ = {isa = PBXFileReference; lastKnownFileType = sourcecode.swift; path = UserWriting.swift; sourceTree = "<group>"; };
		DB881C06261C307200085EB9 /* WritingGet.swift */ = {isa = PBXFileReference; lastKnownFileType = sourcecode.swift; path = WritingGet.swift; sourceTree = "<group>"; };
		DB881C0A261C3E0300085EB9 /* PostsCell.swift */ = {isa = PBXFileReference; lastKnownFileType = sourcecode.swift; path = PostsCell.swift; sourceTree = "<group>"; };
		DB881C0D261C3FC100085EB9 /* WritingService.swift */ = {isa = PBXFileReference; lastKnownFileType = sourcecode.swift; path = WritingService.swift; sourceTree = "<group>"; };
		DB89DE6C26183283002FFC22 /* GoogleService-Info.plist */ = {isa = PBXFileReference; fileEncoding = 4; lastKnownFileType = text.plist.xml; path = "GoogleService-Info.plist"; sourceTree = "<group>"; };
		DBA774A2263E6F4300D16EED /* YesterDayCorrectionViewController.swift */ = {isa = PBXFileReference; lastKnownFileType = sourcecode.swift; path = YesterDayCorrectionViewController.swift; sourceTree = "<group>"; };
		DBB07127264BA4EB00E57837 /* CommentViewController.swift */ = {isa = PBXFileReference; lastKnownFileType = sourcecode.swift; path = CommentViewController.swift; sourceTree = "<group>"; };
		DBB6FC0E264AAEBA005E8BAF /* TodayPhoto.swift */ = {isa = PBXFileReference; lastKnownFileType = sourcecode.swift; path = TodayPhoto.swift; sourceTree = "<group>"; };
		DBF6842B264BDA300049EFE4 /* WebService.swift */ = {isa = PBXFileReference; lastKnownFileType = sourcecode.swift; path = WebService.swift; sourceTree = "<group>"; };
		DBFFF90B26523F300089D1AE /* UserDetailWritingViewController.swift */ = {isa = PBXFileReference; lastKnownFileType = sourcecode.swift; path = UserDetailWritingViewController.swift; sourceTree = "<group>"; };
		DBFFF90F265273100089D1AE /* UserWritingCorrectionViewController.swift */ = {isa = PBXFileReference; lastKnownFileType = sourcecode.swift; path = UserWritingCorrectionViewController.swift; sourceTree = "<group>"; };
/* End PBXFileReference section */

/* Begin PBXFrameworksBuildPhase section */
		DB4F930F2614911C0029D640 /* Frameworks */ = {
			isa = PBXFrameworksBuildPhase;
			buildActionMask = 2147483647;
			files = (
				174043954CE735E296A4529F /* Pods_PoetTree_App.framework in Frameworks */,
			);
			runOnlyForDeploymentPostprocessing = 0;
		};
/* End PBXFrameworksBuildPhase section */

/* Begin PBXGroup section */
		1CCE7EC5560CE56BFAAAB8C3 /* Pods */ = {
			isa = PBXGroup;
			children = (
				ABF4A84711A44CB2D6E95503 /* Pods-PoetTree_App.debug.xcconfig */,
				981538C40A400E0A725E1113 /* Pods-PoetTree_App.release.xcconfig */,
			);
			path = Pods;
			sourceTree = "<group>";
		};
		855A658CE1892036AC96206D /* Frameworks */ = {
			isa = PBXGroup;
			children = (
				73209770699D6DBDBB241530 /* Pods_PoetTree_App.framework */,
			);
			name = Frameworks;
			sourceTree = "<group>";
		};
		DB124332265419E400CB7DEC /* YesterdayList */ = {
			isa = PBXGroup;
			children = (
				DB4F93502614D4520029D640 /* YesterDayMainViewController.swift */,
				DB3F71DA262C5D5700C429BA /* YesterdaysWriting.swift */,
				DBA774A2263E6F4300D16EED /* YesterDayCorrectionViewController.swift */,
				DBB07127264BA4EB00E57837 /* CommentViewController.swift */,
			);
			path = YesterdayList;
			sourceTree = "<group>";
		};
		DB124333265419FC00CB7DEC /* Yesterday Photo */ = {
			isa = PBXGroup;
			children = (
				DB12433426541A2400CB7DEC /* YesterdayPhotoMainViewController.swift */,
				DB8046D12654B27600256811 /* YesterdayPhotoWritingListViewController.swift */,
				DB459EE42654F77E00C470C5 /* YesterdayPhotoSelectedWritingViewController.swift */,
				DB459EE626550C5F00C470C5 /* YesterdayPhotoCorrectionViewController.swift */,
				DB24B4CE265557C300C989BF /* YesterdayPhotoCommentViewController.swift */,
			);
			path = "Yesterday Photo";
			sourceTree = "<group>";
		};
		DB4F93092614911C0029D640 = {
			isa = PBXGroup;
			children = (
				DB4F93142614911C0029D640 /* PoetTree_App */,
				DB4F93132614911C0029D640 /* Products */,
				1CCE7EC5560CE56BFAAAB8C3 /* Pods */,
				855A658CE1892036AC96206D /* Frameworks */,
			);
			sourceTree = "<group>";
		};
		DB4F93132614911C0029D640 /* Products */ = {
			isa = PBXGroup;
			children = (
				DB4F93122614911C0029D640 /* PoetTree_App.app */,
			);
			name = Products;
			sourceTree = "<group>";
		};
		DB4F93142614911C0029D640 /* PoetTree_App */ = {
			isa = PBXGroup;
			children = (
				DB4F932B261491350029D640 /* Model */,
				DB4F932C2614914C0029D640 /* View */,
				DB4F932A2614912B0029D640 /* Controllers */,
				DB7D1D462618E4280092820D /* API */,
				DB4F93452614C0DB0029D640 /* Utils */,
				DB4F931E2614911D0029D640 /* Assets.xcassets */,
				DB4F932D2614916D0029D640 /* Supporting files */,
				DB4F933E2614B4D00029D640 /* Fonts */,
				DB4F93232614911D0029D640 /* Info.plist */,
				DB89DE6C26183283002FFC22 /* GoogleService-Info.plist */,
			);
			path = PoetTree_App;
			sourceTree = "<group>";
		};
		DB4F932A2614912B0029D640 /* Controllers */ = {
			isa = PBXGroup;
			children = (
				DB4F9333261496A80029D640 /* MainViewController.swift */,
				DBA774A1263E6E5D00D16EED /* UserWriting */,
				DBA774A0263E6E4B00D16EED /* Wrting */,
				DBA7749F263E6E3500D16EED /* LogIn */,
				DBA7749E263E6E2800D16EED /* YesterDays */,
			);
			path = Controllers;
			sourceTree = "<group>";
		};
		DB4F932B261491350029D640 /* Model */ = {
			isa = PBXGroup;
			children = (
				DB4F932E261491D30029D640 /* WritingPost.swift */,
				DB7D1D432618BBCC0092820D /* UserModel.swift */,
				DB881C06261C307200085EB9 /* WritingGet.swift */,
				DB881C0D261C3FC100085EB9 /* WritingService.swift */,
				DBB6FC0E264AAEBA005E8BAF /* TodayPhoto.swift */,
				DB85D605264D6A19009FB8DF /* UserWriting.swift */,
				DB12433626541B3C00CB7DEC /* ImageGet.swift */,
				DB459EE8265513E800C470C5 /* User.swift */,
			);
			path = Model;
			sourceTree = "<group>";
		};
		DB4F932C2614914C0029D640 /* View */ = {
			isa = PBXGroup;
			children = (
				DB4F931B2614911C0029D640 /* Main.storyboard */,
				DB4F93202614911D0029D640 /* LaunchScreen.storyboard */,
				DB4F934D2614D3840029D640 /* UserPoemCell.swift */,
				DB881C0A261C3E0300085EB9 /* PostsCell.swift */,
			);
			path = View;
			sourceTree = "<group>";
		};
		DB4F932D2614916D0029D640 /* Supporting files */ = {
			isa = PBXGroup;
			children = (
				DB4F93152614911C0029D640 /* AppDelegate.swift */,
				DB4F93172614911C0029D640 /* SceneDelegate.swift */,
			);
			path = "Supporting files";
			sourceTree = "<group>";
		};
		DB4F933E2614B4D00029D640 /* Fonts */ = {
			isa = PBXGroup;
			children = (
				DB4F933F2614B4D00029D640 /* Satisfy-Regular.ttf */,
			);
			path = Fonts;
			sourceTree = "<group>";
		};
		DB4F93452614C0DB0029D640 /* Utils */ = {
			isa = PBXGroup;
			children = (
				DB4F93462614C0E80029D640 /* Constants.swift */,
			);
			path = Utils;
			sourceTree = "<group>";
		};
		DB7D1D462618E4280092820D /* API */ = {
			isa = PBXGroup;
			children = (
				DB7D1D472618E43C0092820D /* Interceptor.swift */,
				DBF6842B264BDA300049EFE4 /* WebService.swift */,
			);
			path = API;
			sourceTree = "<group>";
		};
		DBA7749E263E6E2800D16EED /* YesterDays */ = {
			isa = PBXGroup;
			children = (
				DB8046CF2654AE2900256811 /* YesterdayContainerViewController.swift */,
				DB124333265419FC00CB7DEC /* Yesterday Photo */,
				DB124332265419E400CB7DEC /* YesterdayList */,
			);
			path = YesterDays;
			sourceTree = "<group>";
		};
		DBA7749F263E6E3500D16EED /* LogIn */ = {
			isa = PBXGroup;
			children = (
				DB789832261777790065D964 /* GoogleLogInViewController.swift */,
			);
			path = LogIn;
			sourceTree = "<group>";
		};
		DBA774A0263E6E4B00D16EED /* Wrting */ = {
			isa = PBXGroup;
			children = (
				DB4F93422614BDED0029D640 /* WritingViewController.swift */,
			);
			path = Wrting;
			sourceTree = "<group>";
		};
		DBA774A1263E6E5D00D16EED /* UserWriting */ = {
			isa = PBXGroup;
			children = (
				DB7DDA5D26515D4C003A8650 /* UserWritingContainerViewController.swift */,
				DBFFF90D265272C90089D1AE /* UserWritings */,
				DBFFF90E265272D90089D1AE /* Liked Writings */,
			);
			path = UserWriting;
			sourceTree = "<group>";
		};
		DBFFF90D265272C90089D1AE /* UserWritings */ = {
			isa = PBXGroup;
			children = (
				DB4F934A2614CD880029D640 /* UserWritingViewController.swift */,
				DBFFF90B26523F300089D1AE /* UserDetailWritingViewController.swift */,
				DBFFF90F265273100089D1AE /* UserWritingCorrectionViewController.swift */,
				DB0A75E3265370FF0046213E /* UserWritingCommentViewController.swift */,
			);
			path = UserWritings;
			sourceTree = "<group>";
		};
		DBFFF90E265272D90089D1AE /* Liked Writings */ = {
			isa = PBXGroup;
			children = (
				DB7DDA5F26515D68003A8650 /* UserLikedWritingsViewController.swift */,
				DB2ECF8A2653F27C0026795D /* UserLikedDetailWritingViewController.swift */,
				DB2ECF8C2653FD790026795D /* UserLikedWritingCommentViewController.swift */,
			);
			path = "Liked Writings";
			sourceTree = "<group>";
		};
/* End PBXGroup section */

/* Begin PBXNativeTarget section */
		DB4F93112614911C0029D640 /* PoetTree_App */ = {
			isa = PBXNativeTarget;
			buildConfigurationList = DB4F93262614911D0029D640 /* Build configuration list for PBXNativeTarget "PoetTree_App" */;
			buildPhases = (
				8198078055E94444216FD64F /* [CP] Check Pods Manifest.lock */,
				DB4F930E2614911C0029D640 /* Sources */,
				DB4F930F2614911C0029D640 /* Frameworks */,
				DB4F93102614911C0029D640 /* Resources */,
				06E06B0B2C937A048DDB91F3 /* [CP] Embed Pods Frameworks */,
				4E2CB39A7ECFBD7A9AB9B43E /* [CP] Copy Pods Resources */,
			);
			buildRules = (
			);
			dependencies = (
			);
			name = PoetTree_App;
			productName = PoetTree_App;
			productReference = DB4F93122614911C0029D640 /* PoetTree_App.app */;
			productType = "com.apple.product-type.application";
		};
/* End PBXNativeTarget section */

/* Begin PBXProject section */
		DB4F930A2614911C0029D640 /* Project object */ = {
			isa = PBXProject;
			attributes = {
				LastSwiftUpdateCheck = 1240;
				LastUpgradeCheck = 1240;
				TargetAttributes = {
					DB4F93112614911C0029D640 = {
						CreatedOnToolsVersion = 12.4;
					};
				};
			};
			buildConfigurationList = DB4F930D2614911C0029D640 /* Build configuration list for PBXProject "PoetTree_App" */;
			compatibilityVersion = "Xcode 9.3";
			developmentRegion = en;
			hasScannedForEncodings = 0;
			knownRegions = (
				en,
				Base,
			);
			mainGroup = DB4F93092614911C0029D640;
			productRefGroup = DB4F93132614911C0029D640 /* Products */;
			projectDirPath = "";
			projectRoot = "";
			targets = (
				DB4F93112614911C0029D640 /* PoetTree_App */,
			);
		};
/* End PBXProject section */

/* Begin PBXResourcesBuildPhase section */
		DB4F93102614911C0029D640 /* Resources */ = {
			isa = PBXResourcesBuildPhase;
			buildActionMask = 2147483647;
			files = (
				DB4F93222614911D0029D640 /* LaunchScreen.storyboard in Resources */,
				DB4F93402614B4D00029D640 /* Satisfy-Regular.ttf in Resources */,
				DB89DE6D26183283002FFC22 /* GoogleService-Info.plist in Resources */,
				DB4F931F2614911D0029D640 /* Assets.xcassets in Resources */,
				DB4F931D2614911C0029D640 /* Main.storyboard in Resources */,
			);
			runOnlyForDeploymentPostprocessing = 0;
		};
/* End PBXResourcesBuildPhase section */

/* Begin PBXShellScriptBuildPhase section */
		06E06B0B2C937A048DDB91F3 /* [CP] Embed Pods Frameworks */ = {
			isa = PBXShellScriptBuildPhase;
			buildActionMask = 2147483647;
			files = (
			);
			inputFileListPaths = (
				"${PODS_ROOT}/Target Support Files/Pods-PoetTree_App/Pods-PoetTree_App-frameworks-${CONFIGURATION}-input-files.xcfilelist",
			);
			name = "[CP] Embed Pods Frameworks";
			outputFileListPaths = (
				"${PODS_ROOT}/Target Support Files/Pods-PoetTree_App/Pods-PoetTree_App-frameworks-${CONFIGURATION}-output-files.xcfilelist",
			);
			runOnlyForDeploymentPostprocessing = 0;
			shellPath = /bin/sh;
			shellScript = "\"${PODS_ROOT}/Target Support Files/Pods-PoetTree_App/Pods-PoetTree_App-frameworks.sh\"\n";
			showEnvVarsInLog = 0;
		};
		4E2CB39A7ECFBD7A9AB9B43E /* [CP] Copy Pods Resources */ = {
			isa = PBXShellScriptBuildPhase;
			buildActionMask = 2147483647;
			files = (
			);
			inputFileListPaths = (
				"${PODS_ROOT}/Target Support Files/Pods-PoetTree_App/Pods-PoetTree_App-resources-${CONFIGURATION}-input-files.xcfilelist",
			);
			name = "[CP] Copy Pods Resources";
			outputFileListPaths = (
				"${PODS_ROOT}/Target Support Files/Pods-PoetTree_App/Pods-PoetTree_App-resources-${CONFIGURATION}-output-files.xcfilelist",
			);
			runOnlyForDeploymentPostprocessing = 0;
			shellPath = /bin/sh;
			shellScript = "\"${PODS_ROOT}/Target Support Files/Pods-PoetTree_App/Pods-PoetTree_App-resources.sh\"\n";
			showEnvVarsInLog = 0;
		};
		8198078055E94444216FD64F /* [CP] Check Pods Manifest.lock */ = {
			isa = PBXShellScriptBuildPhase;
			buildActionMask = 2147483647;
			files = (
			);
			inputFileListPaths = (
			);
			inputPaths = (
				"${PODS_PODFILE_DIR_PATH}/Podfile.lock",
				"${PODS_ROOT}/Manifest.lock",
			);
			name = "[CP] Check Pods Manifest.lock";
			outputFileListPaths = (
			);
			outputPaths = (
				"$(DERIVED_FILE_DIR)/Pods-PoetTree_App-checkManifestLockResult.txt",
			);
			runOnlyForDeploymentPostprocessing = 0;
			shellPath = /bin/sh;
			shellScript = "diff \"${PODS_PODFILE_DIR_PATH}/Podfile.lock\" \"${PODS_ROOT}/Manifest.lock\" > /dev/null\nif [ $? != 0 ] ; then\n    # print error to STDERR\n    echo \"error: The sandbox is not in sync with the Podfile.lock. Run 'pod install' or update your CocoaPods installation.\" >&2\n    exit 1\nfi\n# This output is used by Xcode 'outputs' to avoid re-running this script phase.\necho \"SUCCESS\" > \"${SCRIPT_OUTPUT_FILE_0}\"\n";
			showEnvVarsInLog = 0;
		};
/* End PBXShellScriptBuildPhase section */

/* Begin PBXSourcesBuildPhase section */
		DB4F930E2614911C0029D640 /* Sources */ = {
			isa = PBXSourcesBuildPhase;
			buildActionMask = 2147483647;
			files = (
				DB7DDA6026515D68003A8650 /* UserLikedWritingsViewController.swift in Sources */,
				DB4F932F261491D30029D640 /* WritingPost.swift in Sources */,
				DB4F934B2614CD880029D640 /* UserWritingViewController.swift in Sources */,
				DB4F93432614BDED0029D640 /* WritingViewController.swift in Sources */,
				DB3F71DB262C5D5700C429BA /* YesterdaysWriting.swift in Sources */,
				DB2ECF8B2653F27C0026795D /* UserLikedDetailWritingViewController.swift in Sources */,
				DBFFF90C26523F300089D1AE /* UserDetailWritingViewController.swift in Sources */,
				DB8046D02654AE2900256811 /* YesterdayContainerViewController.swift in Sources */,
				DB4F934E2614D3840029D640 /* UserPoemCell.swift in Sources */,
				DB4F93162614911C0029D640 /* AppDelegate.swift in Sources */,
				DB459EE52654F77E00C470C5 /* YesterdayPhotoSelectedWritingViewController.swift in Sources */,
				DBFFF910265273100089D1AE /* UserWritingCorrectionViewController.swift in Sources */,
				DB459EE726550C5F00C470C5 /* YesterdayPhotoCorrectionViewController.swift in Sources */,
				DB459EE9265513E800C470C5 /* User.swift in Sources */,
				DB8046D22654B27600256811 /* YesterdayPhotoWritingListViewController.swift in Sources */,
				DB12433526541A2400CB7DEC /* YesterdayPhotoMainViewController.swift in Sources */,
				DB881C0B261C3E0300085EB9 /* PostsCell.swift in Sources */,
				DB12433726541B3C00CB7DEC /* ImageGet.swift in Sources */,
				DB789833261777790065D964 /* GoogleLogInViewController.swift in Sources */,
				DB4F93472614C0E80029D640 /* Constants.swift in Sources */,
				DB85D606264D6A19009FB8DF /* UserWriting.swift in Sources */,
				DB881C0E261C3FC100085EB9 /* WritingService.swift in Sources */,
				DB0A75E4265370FF0046213E /* UserWritingCommentViewController.swift in Sources */,
				DB2ECF8D2653FD790026795D /* UserLikedWritingCommentViewController.swift in Sources */,
				DB7D1D482618E43C0092820D /* Interceptor.swift in Sources */,
				DB4F93182614911C0029D640 /* SceneDelegate.swift in Sources */,
				DB4F93512614D4520029D640 /* YesterDayMainViewController.swift in Sources */,
				DBB6FC0F264AAEBA005E8BAF /* TodayPhoto.swift in Sources */,
				DB4F9334261496A80029D640 /* MainViewController.swift in Sources */,
				DBA774A3263E6F4300D16EED /* YesterDayCorrectionViewController.swift in Sources */,
				DB881C07261C307200085EB9 /* WritingGet.swift in Sources */,
				DB7D1D442618BBCC0092820D /* UserModel.swift in Sources */,
				DBF6842C264BDA300049EFE4 /* WebService.swift in Sources */,
				DB7DDA5E26515D4C003A8650 /* UserWritingContainerViewController.swift in Sources */,
				DB24B4CF265557C300C989BF /* YesterdayPhotoCommentViewController.swift in Sources */,
				DBB07128264BA4EB00E57837 /* CommentViewController.swift in Sources */,
			);
			runOnlyForDeploymentPostprocessing = 0;
		};
/* End PBXSourcesBuildPhase section */

/* Begin PBXVariantGroup section */
		DB4F931B2614911C0029D640 /* Main.storyboard */ = {
			isa = PBXVariantGroup;
			children = (
				DB4F931C2614911C0029D640 /* Base */,
			);
			name = Main.storyboard;
			sourceTree = "<group>";
		};
		DB4F93202614911D0029D640 /* LaunchScreen.storyboard */ = {
			isa = PBXVariantGroup;
			children = (
				DB4F93212614911D0029D640 /* Base */,
			);
			name = LaunchScreen.storyboard;
			sourceTree = "<group>";
		};
/* End PBXVariantGroup section */

/* Begin XCBuildConfiguration section */
		DB4F93242614911D0029D640 /* Debug */ = {
			isa = XCBuildConfiguration;
			buildSettings = {
				ALWAYS_SEARCH_USER_PATHS = NO;
				CLANG_ANALYZER_NONNULL = YES;
				CLANG_ANALYZER_NUMBER_OBJECT_CONVERSION = YES_AGGRESSIVE;
				CLANG_CXX_LANGUAGE_STANDARD = "gnu++14";
				CLANG_CXX_LIBRARY = "libc++";
				CLANG_ENABLE_MODULES = YES;
				CLANG_ENABLE_OBJC_ARC = YES;
				CLANG_ENABLE_OBJC_WEAK = YES;
				CLANG_WARN_BLOCK_CAPTURE_AUTORELEASING = YES;
				CLANG_WARN_BOOL_CONVERSION = YES;
				CLANG_WARN_COMMA = YES;
				CLANG_WARN_CONSTANT_CONVERSION = YES;
				CLANG_WARN_DEPRECATED_OBJC_IMPLEMENTATIONS = YES;
				CLANG_WARN_DIRECT_OBJC_ISA_USAGE = YES_ERROR;
				CLANG_WARN_DOCUMENTATION_COMMENTS = YES;
				CLANG_WARN_EMPTY_BODY = YES;
				CLANG_WARN_ENUM_CONVERSION = YES;
				CLANG_WARN_INFINITE_RECURSION = YES;
				CLANG_WARN_INT_CONVERSION = YES;
				CLANG_WARN_NON_LITERAL_NULL_CONVERSION = YES;
				CLANG_WARN_OBJC_IMPLICIT_RETAIN_SELF = YES;
				CLANG_WARN_OBJC_LITERAL_CONVERSION = YES;
				CLANG_WARN_OBJC_ROOT_CLASS = YES_ERROR;
				CLANG_WARN_QUOTED_INCLUDE_IN_FRAMEWORK_HEADER = YES;
				CLANG_WARN_RANGE_LOOP_ANALYSIS = YES;
				CLANG_WARN_STRICT_PROTOTYPES = YES;
				CLANG_WARN_SUSPICIOUS_MOVE = YES;
				CLANG_WARN_UNGUARDED_AVAILABILITY = YES_AGGRESSIVE;
				CLANG_WARN_UNREACHABLE_CODE = YES;
				CLANG_WARN__DUPLICATE_METHOD_MATCH = YES;
				COPY_PHASE_STRIP = NO;
				DEBUG_INFORMATION_FORMAT = dwarf;
				ENABLE_STRICT_OBJC_MSGSEND = YES;
				ENABLE_TESTABILITY = YES;
				GCC_C_LANGUAGE_STANDARD = gnu11;
				GCC_DYNAMIC_NO_PIC = NO;
				GCC_NO_COMMON_BLOCKS = YES;
				GCC_OPTIMIZATION_LEVEL = 0;
				GCC_PREPROCESSOR_DEFINITIONS = (
					"DEBUG=1",
					"$(inherited)",
				);
				GCC_WARN_64_TO_32_BIT_CONVERSION = YES;
				GCC_WARN_ABOUT_RETURN_TYPE = YES_ERROR;
				GCC_WARN_UNDECLARED_SELECTOR = YES;
				GCC_WARN_UNINITIALIZED_AUTOS = YES_AGGRESSIVE;
				GCC_WARN_UNUSED_FUNCTION = YES;
				GCC_WARN_UNUSED_VARIABLE = YES;
				IPHONEOS_DEPLOYMENT_TARGET = 14.4;
				MTL_ENABLE_DEBUG_INFO = INCLUDE_SOURCE;
				MTL_FAST_MATH = YES;
				ONLY_ACTIVE_ARCH = YES;
				SDKROOT = iphoneos;
				SWIFT_ACTIVE_COMPILATION_CONDITIONS = DEBUG;
				SWIFT_OPTIMIZATION_LEVEL = "-Onone";
			};
			name = Debug;
		};
		DB4F93252614911D0029D640 /* Release */ = {
			isa = XCBuildConfiguration;
			buildSettings = {
				ALWAYS_SEARCH_USER_PATHS = NO;
				CLANG_ANALYZER_NONNULL = YES;
				CLANG_ANALYZER_NUMBER_OBJECT_CONVERSION = YES_AGGRESSIVE;
				CLANG_CXX_LANGUAGE_STANDARD = "gnu++14";
				CLANG_CXX_LIBRARY = "libc++";
				CLANG_ENABLE_MODULES = YES;
				CLANG_ENABLE_OBJC_ARC = YES;
				CLANG_ENABLE_OBJC_WEAK = YES;
				CLANG_WARN_BLOCK_CAPTURE_AUTORELEASING = YES;
				CLANG_WARN_BOOL_CONVERSION = YES;
				CLANG_WARN_COMMA = YES;
				CLANG_WARN_CONSTANT_CONVERSION = YES;
				CLANG_WARN_DEPRECATED_OBJC_IMPLEMENTATIONS = YES;
				CLANG_WARN_DIRECT_OBJC_ISA_USAGE = YES_ERROR;
				CLANG_WARN_DOCUMENTATION_COMMENTS = YES;
				CLANG_WARN_EMPTY_BODY = YES;
				CLANG_WARN_ENUM_CONVERSION = YES;
				CLANG_WARN_INFINITE_RECURSION = YES;
				CLANG_WARN_INT_CONVERSION = YES;
				CLANG_WARN_NON_LITERAL_NULL_CONVERSION = YES;
				CLANG_WARN_OBJC_IMPLICIT_RETAIN_SELF = YES;
				CLANG_WARN_OBJC_LITERAL_CONVERSION = YES;
				CLANG_WARN_OBJC_ROOT_CLASS = YES_ERROR;
				CLANG_WARN_QUOTED_INCLUDE_IN_FRAMEWORK_HEADER = YES;
				CLANG_WARN_RANGE_LOOP_ANALYSIS = YES;
				CLANG_WARN_STRICT_PROTOTYPES = YES;
				CLANG_WARN_SUSPICIOUS_MOVE = YES;
				CLANG_WARN_UNGUARDED_AVAILABILITY = YES_AGGRESSIVE;
				CLANG_WARN_UNREACHABLE_CODE = YES;
				CLANG_WARN__DUPLICATE_METHOD_MATCH = YES;
				COPY_PHASE_STRIP = NO;
				DEBUG_INFORMATION_FORMAT = "dwarf-with-dsym";
				ENABLE_NS_ASSERTIONS = NO;
				ENABLE_STRICT_OBJC_MSGSEND = YES;
				GCC_C_LANGUAGE_STANDARD = gnu11;
				GCC_NO_COMMON_BLOCKS = YES;
				GCC_WARN_64_TO_32_BIT_CONVERSION = YES;
				GCC_WARN_ABOUT_RETURN_TYPE = YES_ERROR;
				GCC_WARN_UNDECLARED_SELECTOR = YES;
				GCC_WARN_UNINITIALIZED_AUTOS = YES_AGGRESSIVE;
				GCC_WARN_UNUSED_FUNCTION = YES;
				GCC_WARN_UNUSED_VARIABLE = YES;
				IPHONEOS_DEPLOYMENT_TARGET = 14.4;
				MTL_ENABLE_DEBUG_INFO = NO;
				MTL_FAST_MATH = YES;
				SDKROOT = iphoneos;
				SWIFT_COMPILATION_MODE = wholemodule;
				SWIFT_OPTIMIZATION_LEVEL = "-O";
				VALIDATE_PRODUCT = YES;
			};
			name = Release;
		};
		DB4F93272614911D0029D640 /* Debug */ = {
			isa = XCBuildConfiguration;
			baseConfigurationReference = ABF4A84711A44CB2D6E95503 /* Pods-PoetTree_App.debug.xcconfig */;
			buildSettings = {
				ASSETCATALOG_COMPILER_APPICON_NAME = AppIcon;
				ASSETCATALOG_COMPILER_GLOBAL_ACCENT_COLOR_NAME = AccentColor;
				CODE_SIGN_STYLE = Automatic;
				DEVELOPMENT_TEAM = 5YP67MDYBC;
				INFOPLIST_FILE = PoetTree_App/Info.plist;
				LD_RUNPATH_SEARCH_PATHS = (
					"$(inherited)",
					"@executable_path/Frameworks",
				);
				PRODUCT_BUNDLE_IDENTIFIER = "com.kimhwan.PoetTree-App";
				PRODUCT_NAME = "$(TARGET_NAME)";
				SWIFT_VERSION = 5.0;
				TARGETED_DEVICE_FAMILY = "1,2";
			};
			name = Debug;
		};
		DB4F93282614911D0029D640 /* Release */ = {
			isa = XCBuildConfiguration;
			baseConfigurationReference = 981538C40A400E0A725E1113 /* Pods-PoetTree_App.release.xcconfig */;
			buildSettings = {
				ASSETCATALOG_COMPILER_APPICON_NAME = AppIcon;
				ASSETCATALOG_COMPILER_GLOBAL_ACCENT_COLOR_NAME = AccentColor;
				CODE_SIGN_STYLE = Automatic;
				DEVELOPMENT_TEAM = 5YP67MDYBC;
				INFOPLIST_FILE = PoetTree_App/Info.plist;
				LD_RUNPATH_SEARCH_PATHS = (
					"$(inherited)",
					"@executable_path/Frameworks",
				);
				PRODUCT_BUNDLE_IDENTIFIER = "com.kimhwan.PoetTree-App";
				PRODUCT_NAME = "$(TARGET_NAME)";
				SWIFT_VERSION = 5.0;
				TARGETED_DEVICE_FAMILY = "1,2";
			};
			name = Release;
		};
/* End XCBuildConfiguration section */

/* Begin XCConfigurationList section */
		DB4F930D2614911C0029D640 /* Build configuration list for PBXProject "PoetTree_App" */ = {
			isa = XCConfigurationList;
			buildConfigurations = (
				DB4F93242614911D0029D640 /* Debug */,
				DB4F93252614911D0029D640 /* Release */,
			);
			defaultConfigurationIsVisible = 0;
			defaultConfigurationName = Release;
		};
		DB4F93262614911D0029D640 /* Build configuration list for PBXNativeTarget "PoetTree_App" */ = {
			isa = XCConfigurationList;
			buildConfigurations = (
				DB4F93272614911D0029D640 /* Debug */,
				DB4F93282614911D0029D640 /* Release */,
			);
			defaultConfigurationIsVisible = 0;
			defaultConfigurationName = Release;
		};
/* End XCConfigurationList section */
	};
	rootObject = DB4F930A2614911C0029D640 /* Project object */;
}
